
Microsoft Visual Studio Solution File, Format Version 12.00
# Visual Studio 15
VisualStudioVersion = 15.0.27703.2000
MinimumVisualStudioVersion = 10.0.40219.1
Project("{FAE04EC0-301F-11D3-BF4B-00C04F79EFBC}") = "Aula3107_Console", "Aula3107_Console\Aula3107_Console.csproj", "{9AB3DCBF-6655-40BA-A210-55EAA6AF4F8A}"
EndProject
Project("{FAE04EC0-301F-11D3-BF4B-00C04F79EFBC}") = "Aula0208POO", "Aula0208POO\Aula0208POO.csproj", "{23EFF428-BA28-4C9F-A5B4-E464E62B081D}"
EndProject
Project("{FAE04EC0-301F-11D3-BF4B-00C04F79EFBC}") = "Aula0708_WPF", "Aula0708_WPF\Aula0708_WPF.csproj", "{3518A779-1178-4998-854F-D33C7DCDB007}"
EndProject
Project("{FAE04EC0-301F-11D3-BF4B-00C04F79EFBC}") = "Calculadora_WPF", "Calculadora_WPF\Calculadora_WPF.csproj", "{3829A6A0-5DFC-4587-84E5-EEFE5742623E}"
EndProject
Project("{FAE04EC0-301F-11D3-BF4B-00C04F79EFBC}") = "EntityFramework", "ClassLibrary1\EntityFramework.csproj", "{AEB241D4-CD3C-48DA-8B20-036187FF894D}"
EndProject
Project("{FAE04EC0-301F-11D3-BF4B-00C04F79EFBC}") = "Aula_EntityFramework", "Aula_EntityFramework\Aula_EntityFramework.csproj", "{56393FBC-51C9-4E97-B22F-0BEED119DBF1}"
EndProject
Project("{FAE04EC0-301F-11D3-BF4B-00C04F79EFBC}") = "Aula_EntFramMeuDB", "Aula_EntFramMeuDB\Aula_EntFramMeuDB.csproj", "{8CC3F0FC-362A-4874-B6A6-BB8FCB65084E}"
EndProject
Project("{FAE04EC0-301F-11D3-BF4B-00C04F79EFBC}") = "CodeFirst", "CodeFirst\CodeFirst.csproj", "{B1F222BA-9E8C-40F5-A52D-C4458CA55E81}"
EndProject
Global
	GlobalSection(SolutionConfigurationPlatforms) = preSolution
		Debug|Any CPU = Debug|Any CPU
		Release|Any CPU = Release|Any CPU
	EndGlobalSection
	GlobalSection(ProjectConfigurationPlatforms) = postSolution
		{9AB3DCBF-6655-40BA-A210-55EAA6AF4F8A}.Debug|Any CPU.ActiveCfg = Debug|Any CPU
		{9AB3DCBF-6655-40BA-A210-55EAA6AF4F8A}.Debug|Any CPU.Build.0 = Debug|Any CPU
		{9AB3DCBF-6655-40BA-A210-55EAA6AF4F8A}.Release|Any CPU.ActiveCfg = Release|Any CPU
		{9AB3DCBF-6655-40BA-A210-55EAA6AF4F8A}.Release|Any CPU.Build.0 = Release|Any CPU
		{23EFF428-BA28-4C9F-A5B4-E464E62B081D}.Debug|Any CPU.ActiveCfg = Debug|Any CPU
		{23EFF428-BA28-4C9F-A5B4-E464E62B081D}.Debug|Any CPU.Build.0 = Debug|Any CPU
		{23EFF428-BA28-4C9F-A5B4-E464E62B081D}.Release|Any CPU.ActiveCfg = Release|Any CPU
		{23EFF428-BA28-4C9F-A5B4-E464E62B081D}.Release|Any CPU.Build.0 = Release|Any CPU
		{3518A779-1178-4998-854F-D33C7DCDB007}.Debug|Any CPU.ActiveCfg = Debug|Any CPU
		{3518A779-1178-4998-854F-D33C7DCDB007}.Debug|Any CPU.Build.0 = Debug|Any CPU
		{3518A779-1178-4998-854F-D33C7DCDB007}.Release|Any CPU.ActiveCfg = Release|Any CPU
		{3518A779-1178-4998-854F-D33C7DCDB007}.Release|Any CPU.Build.0 = Release|Any CPU
		{3829A6A0-5DFC-4587-84E5-EEFE5742623E}.Debug|Any CPU.ActiveCfg = Debug|Any CPU
		{3829A6A0-5DFC-4587-84E5-EEFE5742623E}.Debug|Any CPU.Build.0 = Debug|Any CPU
		{3829A6A0-5DFC-4587-84E5-EEFE5742623E}.Release|Any CPU.ActiveCfg = Release|Any CPU
		{3829A6A0-5DFC-4587-84E5-EEFE5742623E}.Release|Any CPU.Build.0 = Release|Any CPU
		{AEB241D4-CD3C-48DA-8B20-036187FF894D}.Debug|Any CPU.ActiveCfg = Debug|Any CPU
		{AEB241D4-CD3C-48DA-8B20-036187FF894D}.Debug|Any CPU.Build.0 = Debug|Any CPU
		{AEB241D4-CD3C-48DA-8B20-036187FF894D}.Release|Any CPU.ActiveCfg = Release|Any CPU
		{AEB241D4-CD3C-48DA-8B20-036187FF894D}.Release|Any CPU.Build.0 = Release|Any CPU
		{56393FBC-51C9-4E97-B22F-0BEED119DBF1}.Debug|Any CPU.ActiveCfg = Debug|Any CPU
		{56393FBC-51C9-4E97-B22F-0BEED119DBF1}.Debug|Any CPU.Build.0 = Debug|Any CPU
		{56393FBC-51C9-4E97-B22F-0BEED119DBF1}.Release|Any CPU.ActiveCfg = Release|Any CPU
		{56393FBC-51C9-4E97-B22F-0BEED119DBF1}.Release|Any CPU.Build.0 = Release|Any CPU
		{8CC3F0FC-362A-4874-B6A6-BB8FCB65084E}.Debug|Any CPU.ActiveCfg = Debug|Any CPU
		{8CC3F0FC-362A-4874-B6A6-BB8FCB65084E}.Debug|Any CPU.Build.0 = Debug|Any CPU
		{8CC3F0FC-362A-4874-B6A6-BB8FCB65084E}.Release|Any CPU.ActiveCfg = Release|Any CPU
		{8CC3F0FC-362A-4874-B6A6-BB8FCB65084E}.Release|Any CPU.Build.0 = Release|Any CPU
		{B1F222BA-9E8C-40F5-A52D-C4458CA55E81}.Debug|Any CPU.ActiveCfg = Debug|Any CPU
		{B1F222BA-9E8C-40F5-A52D-C4458CA55E81}.Debug|Any CPU.Build.0 = Debug|Any CPU
		{B1F222BA-9E8C-40F5-A52D-C4458CA55E81}.Release|Any CPU.ActiveCfg = Release|Any CPU
		{B1F222BA-9E8C-40F5-A52D-C4458CA55E81}.Release|Any CPU.Build.0 = Release|Any CPU
	EndGlobalSection
	GlobalSection(SolutionProperties) = preSolution
		HideSolutionNode = FALSE
	EndGlobalSection
	GlobalSection(ExtensibilityGlobals) = postSolution
		SolutionGuid = {2BADD30D-6413-4EE0-B0E1-4D63CCB9F974}
	EndGlobalSection
EndGlobal
